
Microsoft Visual Studio Solution File, Format Version 12.00
# Visual Studio 15
VisualStudioVersion = 15.0.27703.2000
MinimumVisualStudioVersion = 10.0.40219.1
Project("{8BC9CEB8-8B4A-11D0-8D11-00A0C91BC942}") = "FsFilter2", "FsFilter2\FsFilter2.vcxproj", "{A79412CB-8C93-46CF-BD4F-C1C31C5B3789}"
EndProject
Global
	GlobalSection(SolutionConfigurationPlatforms) = preSolution
		Debug|ARM = Debug|ARM
		Debug|ARM64 = Debug|ARM64
		Debug|x64 = Debug|x64
		Debug|x86 = Debug|x86
		Release|ARM = Release|ARM
		Release|ARM64 = Release|ARM64
		Release|x64 = Release|x64
		Release|x86 = Release|x86
	EndGlobalSection
	GlobalSection(ProjectConfigurationPlatforms) = postSolution
		{A79412CB-8C93-46CF-BD4F-C1C31C5B3789}.Debug|ARM.ActiveCfg = Debug|ARM
		{A79412CB-8C93-46CF-BD4F-C1C31C5B3789}.Debug|ARM.Build.0 = Debug|ARM
		{A79412CB-8C93-46CF-BD4F-C1C31C5B3789}.Debug|ARM.Deploy.0 = Debug|ARM
		{A79412CB-8C93-46CF-BD4F-C1C31C5B3789}.Debug|ARM64.ActiveCfg = Debug|ARM64
		{A79412CB-8C93-46CF-BD4F-C1C31C5B3789}.Debug|ARM64.Build.0 = Debug|ARM64
		{A79412CB-8C93-46CF-BD4F-C1C31C5B3789}.Debug|ARM64.Deploy.0 = Debug|ARM64
		{A79412CB-8C93-46CF-BD4F-C1C31C5B3789}.Debug|x64.ActiveCfg = Debug|x64
		{A79412CB-8C93-46CF-BD4F-C1C31C5B3789}.Debug|x64.Build.0 = Debug|x64
		{A79412CB-8C93-46CF-BD4F-C1C31C5B3789}.Debug|x64.Deploy.0 = Debug|x64
		{A79412CB-8C93-46CF-BD4F-C1C31C5B3789}.Debug|x86.ActiveCfg = Debug|Win32
		{A79412CB-8C93-46CF-BD4F-C1C31C5B3789}.Debug|x86.Build.0 = Debug|Win32
		{A79412CB-8C93-46CF-BD4F-C1C31C5B3789}.Debug|x86.Deploy.0 = Debug|Win32
		{A79412CB-8C93-46CF-BD4F-C1C31C5B3789}.Release|ARM.ActiveCfg = Release|ARM
		{A79412CB-8C93-46CF-BD4F-C1C31C5B3789}.Release|ARM.Build.0 = Release|ARM
		{A79412CB-8C93-46CF-BD4F-C1C31C5B3789}.Release|ARM.Deploy.0 = Release|ARM
		{A79412CB-8C93-46CF-BD4F-C1C31C5B3789}.Release|ARM64.ActiveCfg = Release|ARM64
		{A79412CB-8C93-46CF-BD4F-C1C31C5B3789}.Release|ARM64.Build.0 = Release|ARM64
		{A79412CB-8C93-46CF-BD4F-C1C31C5B3789}.Release|ARM64.Deploy.0 = Release|ARM64
		{A79412CB-8C93-46CF-BD4F-C1C31C5B3789}.Release|x64.ActiveCfg = Release|x64
		{A79412CB-8C93-46CF-BD4F-C1C31C5B3789}.Release|x64.Build.0 = Release|x64
		{A79412CB-8C93-46CF-BD4F-C1C31C5B3789}.Release|x64.Deploy.0 = Release|x64
		{A79412CB-8C93-46CF-BD4F-C1C31C5B3789}.Release|x86.ActiveCfg = Release|Win32
		{A79412CB-8C93-46CF-BD4F-C1C31C5B3789}.Release|x86.Build.0 = Release|Win32
		{A79412CB-8C93-46CF-BD4F-C1C31C5B3789}.Release|x86.Deploy.0 = Release|Win32
	EndGlobalSection
	GlobalSection(SolutionProperties) = preSolution
		HideSolutionNode = FALSE
	EndGlobalSection
	GlobalSection(ExtensibilityGlobals) = postSolution
		SolutionGuid = {C1CD2A2C-B944-4360-B8B3-996F7846DB5B}
	EndGlobalSection
EndGlobal
